
Microsoft Visual Studio Solution File, Format Version 12.00
# Visual Studio Version 16
VisualStudioVersion = 16.0.30717.126
MinimumVisualStudioVersion = 10.0.40219.1
Project("{9A19103F-16F7-4668-BE54-9A1E7A4F7556}") = "WebApplication4", "WebApplication4\WebApplication4.csproj", "{61355FEE-9FDB-4A15-8AB4-D0B3894E262D}"
EndProject
Project("{FAE04EC0-301F-11D3-BF4B-00C04F79EFBC}") = "EFCoreEntityPartialGenerator", "EFCoreEntityPartialGenerator\EFCoreEntityPartialGenerator.csproj", "{89BC71A3-45A7-4CCF-9A00-DEC20C1AC6F9}"
EndProject
Global
	GlobalSection(SolutionConfigurationPlatforms) = preSolution
		Debug|Any CPU = Debug|Any CPU
		Release|Any CPU = Release|Any CPU
	EndGlobalSection
	GlobalSection(ProjectConfigurationPlatforms) = postSolution
		{61355FEE-9FDB-4A15-8AB4-D0B3894E262D}.Debug|Any CPU.ActiveCfg = Debug|Any CPU
		{61355FEE-9FDB-4A15-8AB4-D0B3894E262D}.Debug|Any CPU.Build.0 = Debug|Any CPU
		{61355FEE-9FDB-4A15-8AB4-D0B3894E262D}.Release|Any CPU.ActiveCfg = Release|Any CPU
		{61355FEE-9FDB-4A15-8AB4-D0B3894E262D}.Release|Any CPU.Build.0 = Release|Any CPU
		{89BC71A3-45A7-4CCF-9A00-DEC20C1AC6F9}.Debug|Any CPU.ActiveCfg = Debug|Any CPU
		{89BC71A3-45A7-4CCF-9A00-DEC20C1AC6F9}.Debug|Any CPU.Build.0 = Debug|Any CPU
		{89BC71A3-45A7-4CCF-9A00-DEC20C1AC6F9}.Release|Any CPU.ActiveCfg = Release|Any CPU
		{89BC71A3-45A7-4CCF-9A00-DEC20C1AC6F9}.Release|Any CPU.Build.0 = Release|Any CPU
	EndGlobalSection
	GlobalSection(SolutionProperties) = preSolution
		HideSolutionNode = FALSE
	EndGlobalSection
	GlobalSection(ExtensibilityGlobals) = postSolution
		SolutionGuid = {A7F6F097-3A78-4611-9F90-017C7EF3AF6B}
	EndGlobalSection
EndGlobal
